
Microsoft Visual Studio Solution File, Format Version 12.00
# Visual Studio Version 17
VisualStudioVersion = 17.11.35312.102
MinimumVisualStudioVersion = 10.0.40219.1
Project("{9A19103F-16F7-4668-BE54-9A1E7A4F7556}") = "reactBackend", "reactBackend\reactBackend.csproj", "{95B3638D-3162-4FFE-B06A-7A38CAF73375}"
EndProject
Project("{FAE04EC0-301F-11D3-BF4B-00C04F79EFBC}") = "WebApi", "WebApi\WebApi.csproj", "{14689DED-BAA5-48FD-AB89-42E198BA0226}"
EndProject
Global
	GlobalSection(SolutionConfigurationPlatforms) = preSolution
		Debug|Any CPU = Debug|Any CPU
		Release|Any CPU = Release|Any CPU
	EndGlobalSection
	GlobalSection(ProjectConfigurationPlatforms) = postSolution
		{95B3638D-3162-4FFE-B06A-7A38CAF73375}.Debug|Any CPU.ActiveCfg = Debug|Any CPU
		{95B3638D-3162-4FFE-B06A-7A38CAF73375}.Debug|Any CPU.Build.0 = Debug|Any CPU
		{95B3638D-3162-4FFE-B06A-7A38CAF73375}.Release|Any CPU.ActiveCfg = Release|Any CPU
		{95B3638D-3162-4FFE-B06A-7A38CAF73375}.Release|Any CPU.Build.0 = Release|Any CPU
		{14689DED-BAA5-48FD-AB89-42E198BA0226}.Debug|Any CPU.ActiveCfg = Debug|Any CPU
		{14689DED-BAA5-48FD-AB89-42E198BA0226}.Debug|Any CPU.Build.0 = Debug|Any CPU
		{14689DED-BAA5-48FD-AB89-42E198BA0226}.Release|Any CPU.ActiveCfg = Release|Any CPU
		{14689DED-BAA5-48FD-AB89-42E198BA0226}.Release|Any CPU.Build.0 = Release|Any CPU
	EndGlobalSection
	GlobalSection(SolutionProperties) = preSolution
		HideSolutionNode = FALSE
	EndGlobalSection
	GlobalSection(ExtensibilityGlobals) = postSolution
		SolutionGuid = {99B20214-273D-48A8-823C-BBBA0727E9E9}
	EndGlobalSection
EndGlobal
